
Microsoft Visual Studio Solution File, Format Version 12.00
# Visual Studio 15
Project("{FAE04EC0-301F-11D3-BF4B-00C04F79EFBC}") = "AtWork.Android", "AtWork.Android\AtWork.Android.csproj", "{17646D6A-1834-4375-BF23-EC9886B4F94D}"
EndProject
Project("{FAE04EC0-301F-11D3-BF4B-00C04F79EFBC}") = "AtWork.iOS", "AtWork.iOS\AtWork.iOS.csproj", "{95B242D7-CCEF-4FBE-9793-82FE23767129}"
EndProject
Project("{FAE04EC0-301F-11D3-BF4B-00C04F79EFBC}") = "AtWork", "AtWork\AtWork.csproj", "{8E7481D1-DE62-4318-9232-F24B2DD822E5}"
EndProject
Global
	GlobalSection(SolutionConfigurationPlatforms) = preSolution
		Debug|Any CPU = Debug|Any CPU
		Release|Any CPU = Release|Any CPU
		Debug|iPhoneSimulator = Debug|iPhoneSimulator
		Release|iPhoneSimulator = Release|iPhoneSimulator
		Debug|iPhone = Debug|iPhone
		Release|iPhone = Release|iPhone
	EndGlobalSection
	GlobalSection(ProjectConfigurationPlatforms) = postSolution
		{17646D6A-1834-4375-BF23-EC9886B4F94D}.Debug|Any CPU.ActiveCfg = Debug|Any CPU
		{17646D6A-1834-4375-BF23-EC9886B4F94D}.Debug|Any CPU.Build.0 = Debug|Any CPU
		{17646D6A-1834-4375-BF23-EC9886B4F94D}.Release|Any CPU.ActiveCfg = Release|Any CPU
		{17646D6A-1834-4375-BF23-EC9886B4F94D}.Release|Any CPU.Build.0 = Release|Any CPU
		{17646D6A-1834-4375-BF23-EC9886B4F94D}.Debug|iPhoneSimulator.ActiveCfg = Debug|Any CPU
		{17646D6A-1834-4375-BF23-EC9886B4F94D}.Debug|iPhoneSimulator.Build.0 = Debug|Any CPU
		{17646D6A-1834-4375-BF23-EC9886B4F94D}.Release|iPhoneSimulator.ActiveCfg = Release|Any CPU
		{17646D6A-1834-4375-BF23-EC9886B4F94D}.Release|iPhoneSimulator.Build.0 = Release|Any CPU
		{17646D6A-1834-4375-BF23-EC9886B4F94D}.Debug|iPhone.ActiveCfg = Debug|Any CPU
		{17646D6A-1834-4375-BF23-EC9886B4F94D}.Debug|iPhone.Build.0 = Debug|Any CPU
		{17646D6A-1834-4375-BF23-EC9886B4F94D}.Release|iPhone.ActiveCfg = Release|Any CPU
		{17646D6A-1834-4375-BF23-EC9886B4F94D}.Release|iPhone.Build.0 = Release|Any CPU
		{95B242D7-CCEF-4FBE-9793-82FE23767129}.Debug|Any CPU.ActiveCfg = Debug|iPhoneSimulator
		{95B242D7-CCEF-4FBE-9793-82FE23767129}.Debug|Any CPU.Build.0 = Debug|iPhoneSimulator
		{95B242D7-CCEF-4FBE-9793-82FE23767129}.Release|Any CPU.ActiveCfg = Release|iPhoneSimulator
		{95B242D7-CCEF-4FBE-9793-82FE23767129}.Release|Any CPU.Build.0 = Release|iPhoneSimulator
		{95B242D7-CCEF-4FBE-9793-82FE23767129}.Debug|iPhoneSimulator.ActiveCfg = Debug|iPhoneSimulator
		{95B242D7-CCEF-4FBE-9793-82FE23767129}.Debug|iPhoneSimulator.Build.0 = Debug|iPhoneSimulator
		{95B242D7-CCEF-4FBE-9793-82FE23767129}.Release|iPhoneSimulator.ActiveCfg = Release|iPhoneSimulator
		{95B242D7-CCEF-4FBE-9793-82FE23767129}.Release|iPhoneSimulator.Build.0 = Release|iPhoneSimulator
		{95B242D7-CCEF-4FBE-9793-82FE23767129}.Debug|iPhone.ActiveCfg = Debug|iPhone
		{95B242D7-CCEF-4FBE-9793-82FE23767129}.Debug|iPhone.Build.0 = Debug|iPhone
		{95B242D7-CCEF-4FBE-9793-82FE23767129}.Release|iPhone.ActiveCfg = Release|iPhone
		{95B242D7-CCEF-4FBE-9793-82FE23767129}.Release|iPhone.Build.0 = Release|iPhone
		{8E7481D1-DE62-4318-9232-F24B2DD822E5}.Debug|Any CPU.ActiveCfg = Debug|Any CPU
		{8E7481D1-DE62-4318-9232-F24B2DD822E5}.Debug|Any CPU.Build.0 = Debug|Any CPU
		{8E7481D1-DE62-4318-9232-F24B2DD822E5}.Release|Any CPU.ActiveCfg = Release|Any CPU
		{8E7481D1-DE62-4318-9232-F24B2DD822E5}.Release|Any CPU.Build.0 = Release|Any CPU
		{8E7481D1-DE62-4318-9232-F24B2DD822E5}.Debug|iPhoneSimulator.ActiveCfg = Debug|Any CPU
		{8E7481D1-DE62-4318-9232-F24B2DD822E5}.Debug|iPhoneSimulator.Build.0 = Debug|Any CPU
		{8E7481D1-DE62-4318-9232-F24B2DD822E5}.Release|iPhoneSimulator.ActiveCfg = Release|Any CPU
		{8E7481D1-DE62-4318-9232-F24B2DD822E5}.Release|iPhoneSimulator.Build.0 = Release|Any CPU
		{8E7481D1-DE62-4318-9232-F24B2DD822E5}.Debug|iPhone.ActiveCfg = Debug|Any CPU
		{8E7481D1-DE62-4318-9232-F24B2DD822E5}.Debug|iPhone.Build.0 = Debug|Any CPU
		{8E7481D1-DE62-4318-9232-F24B2DD822E5}.Release|iPhone.ActiveCfg = Release|Any CPU
		{8E7481D1-DE62-4318-9232-F24B2DD822E5}.Release|iPhone.Build.0 = Release|Any CPU
	EndGlobalSection
EndGlobal
